
Microsoft Visual Studio Solution File, Format Version 12.00
# Visual Studio 15
VisualStudioVersion = 15.0.27703.2018
MinimumVisualStudioVersion = 10.0.40219.1
Project("{FAE04EC0-301F-11D3-BF4B-00C04F79EFBC}") = "Restart", "Restart\Restart.csproj", "{DA952C3A-5A26-42B8-9905-A8C6E09668A1}"
EndProject
Global
	GlobalSection(SolutionConfigurationPlatforms) = preSolution
		Debug|Any CPU = Debug|Any CPU
		Release|Any CPU = Release|Any CPU
	EndGlobalSection
	GlobalSection(ProjectConfigurationPlatforms) = postSolution
		{DA952C3A-5A26-42B8-9905-A8C6E09668A1}.Debug|Any CPU.ActiveCfg = Debug|Any CPU
		{DA952C3A-5A26-42B8-9905-A8C6E09668A1}.Debug|Any CPU.Build.0 = Debug|Any CPU
		{DA952C3A-5A26-42B8-9905-A8C6E09668A1}.Release|Any CPU.ActiveCfg = Release|Any CPU
		{DA952C3A-5A26-42B8-9905-A8C6E09668A1}.Release|Any CPU.Build.0 = Release|Any CPU
	EndGlobalSection
	GlobalSection(SolutionProperties) = preSolution
		HideSolutionNode = FALSE
	EndGlobalSection
	GlobalSection(ExtensibilityGlobals) = postSolution
		SolutionGuid = {9582948D-A4CD-4766-8245-289015C2A654}
	EndGlobalSection
EndGlobal
